
Microsoft Visual Studio Solution File, Format Version 12.00
# Visual Studio Version 17
VisualStudioVersion = 17.9.34622.214
MinimumVisualStudioVersion = 10.0.40219.1
Project("{9A19103F-16F7-4668-BE54-9A1E7A4F7556}") = "loginproto", "loginproto\loginproto.csproj", "{4D688013-EB66-4D7A-BB9C-8CEF9F366C29}"
EndProject
Project("{54435603-DBB4-11D2-8724-00A0C9A8B90C}") = "Student Log In", "Student Log In\Student Log In.vdproj", "{B36D30CB-1034-47CC-AB34-E1714824B6B6}"
EndProject
Global
	GlobalSection(SolutionConfigurationPlatforms) = preSolution
		All|Any CPU = All|Any CPU
		All|x86 = All|x86
		Debug|Any CPU = Debug|Any CPU
		Debug|x86 = Debug|x86
		DefaultBuild|Any CPU = DefaultBuild|Any CPU
		DefaultBuild|x86 = DefaultBuild|x86
		Release|Any CPU = Release|Any CPU
		Release|x86 = Release|x86
		Student Log In|Any CPU = Student Log In|Any CPU
		Student Log In|x86 = Student Log In|x86
	EndGlobalSection
	GlobalSection(ProjectConfigurationPlatforms) = postSolution
		{4D688013-EB66-4D7A-BB9C-8CEF9F366C29}.All|Any CPU.ActiveCfg = Release|Any CPU
		{4D688013-EB66-4D7A-BB9C-8CEF9F366C29}.All|Any CPU.Build.0 = Release|Any CPU
		{4D688013-EB66-4D7A-BB9C-8CEF9F366C29}.All|x86.ActiveCfg = Release|Any CPU
		{4D688013-EB66-4D7A-BB9C-8CEF9F366C29}.All|x86.Build.0 = Release|Any CPU
		{4D688013-EB66-4D7A-BB9C-8CEF9F366C29}.Debug|Any CPU.ActiveCfg = Debug|Any CPU
		{4D688013-EB66-4D7A-BB9C-8CEF9F366C29}.Debug|Any CPU.Build.0 = Debug|Any CPU
		{4D688013-EB66-4D7A-BB9C-8CEF9F366C29}.Debug|x86.ActiveCfg = Debug|Any CPU
		{4D688013-EB66-4D7A-BB9C-8CEF9F366C29}.Debug|x86.Build.0 = Debug|Any CPU
		{4D688013-EB66-4D7A-BB9C-8CEF9F366C29}.DefaultBuild|Any CPU.ActiveCfg = Debug|Any CPU
		{4D688013-EB66-4D7A-BB9C-8CEF9F366C29}.DefaultBuild|Any CPU.Build.0 = Debug|Any CPU
		{4D688013-EB66-4D7A-BB9C-8CEF9F366C29}.DefaultBuild|x86.ActiveCfg = Debug|Any CPU
		{4D688013-EB66-4D7A-BB9C-8CEF9F366C29}.DefaultBuild|x86.Build.0 = Debug|Any CPU
		{4D688013-EB66-4D7A-BB9C-8CEF9F366C29}.Release|Any CPU.ActiveCfg = Release|Any CPU
		{4D688013-EB66-4D7A-BB9C-8CEF9F366C29}.Release|Any CPU.Build.0 = Release|Any CPU
		{4D688013-EB66-4D7A-BB9C-8CEF9F366C29}.Release|x86.ActiveCfg = Release|Any CPU
		{4D688013-EB66-4D7A-BB9C-8CEF9F366C29}.Release|x86.Build.0 = Release|Any CPU
		{4D688013-EB66-4D7A-BB9C-8CEF9F366C29}.Student Log In|Any CPU.ActiveCfg = Debug|Any CPU
		{4D688013-EB66-4D7A-BB9C-8CEF9F366C29}.Student Log In|Any CPU.Build.0 = Debug|Any CPU
		{4D688013-EB66-4D7A-BB9C-8CEF9F366C29}.Student Log In|x86.ActiveCfg = Release|Any CPU
		{4D688013-EB66-4D7A-BB9C-8CEF9F366C29}.Student Log In|x86.Build.0 = Release|Any CPU
		{B36D30CB-1034-47CC-AB34-E1714824B6B6}.All|Any CPU.ActiveCfg = Debug
		{B36D30CB-1034-47CC-AB34-E1714824B6B6}.All|x86.ActiveCfg = Debug
		{B36D30CB-1034-47CC-AB34-E1714824B6B6}.Debug|Any CPU.ActiveCfg = Debug
		{B36D30CB-1034-47CC-AB34-E1714824B6B6}.Debug|x86.ActiveCfg = Debug
		{B36D30CB-1034-47CC-AB34-E1714824B6B6}.DefaultBuild|Any CPU.ActiveCfg = Debug
		{B36D30CB-1034-47CC-AB34-E1714824B6B6}.DefaultBuild|x86.ActiveCfg = Debug
		{B36D30CB-1034-47CC-AB34-E1714824B6B6}.Release|Any CPU.ActiveCfg = Release
		{B36D30CB-1034-47CC-AB34-E1714824B6B6}.Release|x86.ActiveCfg = Release
		{B36D30CB-1034-47CC-AB34-E1714824B6B6}.Student Log In|Any CPU.ActiveCfg = Release
		{B36D30CB-1034-47CC-AB34-E1714824B6B6}.Student Log In|x86.ActiveCfg = Debug
	EndGlobalSection
	GlobalSection(SolutionProperties) = preSolution
		HideSolutionNode = FALSE
	EndGlobalSection
	GlobalSection(ExtensibilityGlobals) = postSolution
		SolutionGuid = {B0E263BE-87F2-4CFE-B309-5193386F8C98}
	EndGlobalSection
EndGlobal
