
Microsoft Visual Studio Solution File, Format Version 12.00
# Visual Studio Version 17
VisualStudioVersion = 17.9.34622.214
MinimumVisualStudioVersion = 10.0.40219.1
Project("{9A19103F-16F7-4668-BE54-9A1E7A4F7556}") = "loginproto", "loginproto\loginproto.csproj", "{4D688013-EB66-4D7A-BB9C-8CEF9F366C29}"
EndProject
Project("{54435603-DBB4-11D2-8724-00A0C9A8B90C}") = "AppSetup", "AppSetup\AppSetup.vdproj", "{4751205E-92D6-4616-AB70-A2D4F129EFD5}"
EndProject
Global
	GlobalSection(SolutionConfigurationPlatforms) = preSolution
		Debug|Any CPU = Debug|Any CPU
		Release|Any CPU = Release|Any CPU
	EndGlobalSection
	GlobalSection(ProjectConfigurationPlatforms) = postSolution
		{4D688013-EB66-4D7A-BB9C-8CEF9F366C29}.Debug|Any CPU.ActiveCfg = Debug|Any CPU
		{4D688013-EB66-4D7A-BB9C-8CEF9F366C29}.Debug|Any CPU.Build.0 = Debug|Any CPU
		{4D688013-EB66-4D7A-BB9C-8CEF9F366C29}.Release|Any CPU.ActiveCfg = Release|Any CPU
		{4D688013-EB66-4D7A-BB9C-8CEF9F366C29}.Release|Any CPU.Build.0 = Release|Any CPU
		{4751205E-92D6-4616-AB70-A2D4F129EFD5}.Debug|Any CPU.ActiveCfg = Debug
		{4751205E-92D6-4616-AB70-A2D4F129EFD5}.Release|Any CPU.ActiveCfg = Release
	EndGlobalSection
	GlobalSection(SolutionProperties) = preSolution
		HideSolutionNode = FALSE
	EndGlobalSection
	GlobalSection(ExtensibilityGlobals) = postSolution
		SolutionGuid = {B0E263BE-87F2-4CFE-B309-5193386F8C98}
	EndGlobalSection
EndGlobal
